Microsoft Visual Studio Solution File, Format Version 12.00
# Visual Studio Version 16
VisualStudioVersion = 16.0.30804.86
MinimumVisualStudioVersion = 10.0.40219.1
Project("{FAE04EC0-301F-11D3-BF4B-00C04F79EFBC}") = "Odapter", "Odapter\Odapter.csproj", "{AE981FB3-E1F7-48E2-8EC4-4BB8AF29293F}"
EndProject
Project("{FAE04EC0-301F-11D3-BF4B-00C04F79EFBC}") = "Tester", "Tester\Tester.csproj", "{3E35F869-EEF8-4848-BFD2-CE50321CD5E4}"
EndProject
Project("{2150E333-8FDC-42A3-9474-1A3956D46DE8}") = "Solution Items", "Solution Items", "{4BB6653D-B6FD-42D1-9BC8-C494A9E746EA}"
	ProjectSection(SolutionItems) = preProject
		License.txt = License.txt
		README.md = README.md
	EndProjectSection
EndProject
Project("{FAE04EC0-301F-11D3-BF4B-00C04F79EFBC}") = "Example", "Example\Example.csproj", "{FDE9C786-B020-4814-96AC-CE5B080F22BA}"
EndProject
Project("{FAE04EC0-301F-11D3-BF4B-00C04F79EFBC}") = "OdapterWnFrm", "OdapterWnFrm\OdapterWnFrm.csproj", "{49C03924-B453-43B4-9776-9B36B9A06047}"
EndProject
Project("{6EC3EE1D-3C4E-46DD-8F32-0CC8E7565705}") = "OdapterFS", "OdapterFS\OdapterFS.fsproj", "{1FB7E445-E788-4FB6-BBF2-C88126F646AD}"
EndProject
Project("{9A19103F-16F7-4668-BE54-9A1E7A4F7556}") = "Tester.NET5", "Tester.NET5\Tester.NET5.csproj", "{DDF901D4-0F81-4B5D-8A69-FDAE1EB93783}"
EndProject
Project("{FAE04EC0-301F-11D3-BF4B-00C04F79EFBC}") = "Example.NET5", "Example.NET5\Example.NET5.csproj", "{A13A8399-25C3-45C0-BC13-8693ACDF0E24}"
EndProject
Global
	GlobalSection(SolutionConfigurationPlatforms) = preSolution
		Debug|Any CPU = Debug|Any CPU
		Debug|x64 = Debug|x64
		Debug|x86 = Debug|x86
		Release|Any CPU = Release|Any CPU
		Release|x64 = Release|x64
		Release|x86 = Release|x86
	EndGlobalSection
	GlobalSection(ProjectConfigurationPlatforms) = postSolution
		{AE981FB3-E1F7-48E2-8EC4-4BB8AF29293F}.Debug|Any CPU.ActiveCfg = Debug|x86
		{AE981FB3-E1F7-48E2-8EC4-4BB8AF29293F}.Debug|x64.ActiveCfg = Debug|x64
		{AE981FB3-E1F7-48E2-8EC4-4BB8AF29293F}.Debug|x64.Build.0 = Debug|x64
		{AE981FB3-E1F7-48E2-8EC4-4BB8AF29293F}.Debug|x86.ActiveCfg = Debug|x86
		{AE981FB3-E1F7-48E2-8EC4-4BB8AF29293F}.Debug|x86.Build.0 = Debug|x86
		{AE981FB3-E1F7-48E2-8EC4-4BB8AF29293F}.Release|Any CPU.ActiveCfg = Release|x86
		{AE981FB3-E1F7-48E2-8EC4-4BB8AF29293F}.Release|x64.ActiveCfg = Release|x64
		{AE981FB3-E1F7-48E2-8EC4-4BB8AF29293F}.Release|x64.Build.0 = Release|x64
		{AE981FB3-E1F7-48E2-8EC4-4BB8AF29293F}.Release|x86.ActiveCfg = Release|x86
		{AE981FB3-E1F7-48E2-8EC4-4BB8AF29293F}.Release|x86.Build.0 = Release|x86
		{3E35F869-EEF8-4848-BFD2-CE50321CD5E4}.Debug|Any CPU.ActiveCfg = Debug|Any CPU
		{3E35F869-EEF8-4848-BFD2-CE50321CD5E4}.Debug|Any CPU.Build.0 = Debug|Any CPU
		{3E35F869-EEF8-4848-BFD2-CE50321CD5E4}.Debug|x64.ActiveCfg = Debug|x64
		{3E35F869-EEF8-4848-BFD2-CE50321CD5E4}.Debug|x64.Build.0 = Debug|x64
		{3E35F869-EEF8-4848-BFD2-CE50321CD5E4}.Debug|x86.ActiveCfg = Debug|Any CPU
		{3E35F869-EEF8-4848-BFD2-CE50321CD5E4}.Debug|x86.Build.0 = Debug|Any CPU
		{3E35F869-EEF8-4848-BFD2-CE50321CD5E4}.Release|Any CPU.ActiveCfg = Release|Any CPU
		{3E35F869-EEF8-4848-BFD2-CE50321CD5E4}.Release|Any CPU.Build.0 = Release|Any CPU
		{3E35F869-EEF8-4848-BFD2-CE50321CD5E4}.Release|x64.ActiveCfg = Release|x64
		{3E35F869-EEF8-4848-BFD2-CE50321CD5E4}.Release|x64.Build.0 = Release|x64
		{3E35F869-EEF8-4848-BFD2-CE50321CD5E4}.Release|x86.ActiveCfg = Release|Any CPU
		{3E35F869-EEF8-4848-BFD2-CE50321CD5E4}.Release|x86.Build.0 = Release|Any CPU
		{FDE9C786-B020-4814-96AC-CE5B080F22BA}.Debug|Any CPU.ActiveCfg = Debug|Any CPU
		{FDE9C786-B020-4814-96AC-CE5B080F22BA}.Debug|Any CPU.Build.0 = Debug|Any CPU
		{FDE9C786-B020-4814-96AC-CE5B080F22BA}.Debug|x64.ActiveCfg = Debug|Any CPU
		{FDE9C786-B020-4814-96AC-CE5B080F22BA}.Debug|x64.Build.0 = Debug|Any CPU
		{FDE9C786-B020-4814-96AC-CE5B080F22BA}.Debug|x86.ActiveCfg = Debug|Any CPU
		{FDE9C786-B020-4814-96AC-CE5B080F22BA}.Debug|x86.Build.0 = Debug|Any CPU
		{FDE9C786-B020-4814-96AC-CE5B080F22BA}.Release|Any CPU.ActiveCfg = Release|Any CPU
		{FDE9C786-B020-4814-96AC-CE5B080F22BA}.Release|Any CPU.Build.0 = Release|Any CPU
		{FDE9C786-B020-4814-96AC-CE5B080F22BA}.Release|x64.ActiveCfg = Release|Any CPU
		{FDE9C786-B020-4814-96AC-CE5B080F22BA}.Release|x64.Build.0 = Release|Any CPU
		{FDE9C786-B020-4814-96AC-CE5B080F22BA}.Release|x86.ActiveCfg = Release|Any CPU
		{FDE9C786-B020-4814-96AC-CE5B080F22BA}.Release|x86.Build.0 = Release|Any CPU
		{49C03924-B453-43B4-9776-9B36B9A06047}.Debug|Any CPU.ActiveCfg = Debug|Any CPU
		{49C03924-B453-43B4-9776-9B36B9A06047}.Debug|Any CPU.Build.0 = Debug|Any CPU
		{49C03924-B453-43B4-9776-9B36B9A06047}.Debug|x64.ActiveCfg = Debug|x64
		{49C03924-B453-43B4-9776-9B36B9A06047}.Debug|x64.Build.0 = Debug|x64
		{49C03924-B453-43B4-9776-9B36B9A06047}.Debug|x86.ActiveCfg = Debug|Any CPU
		{49C03924-B453-43B4-9776-9B36B9A06047}.Debug|x86.Build.0 = Debug|Any CPU
		{49C03924-B453-43B4-9776-9B36B9A06047}.Release|Any CPU.ActiveCfg = Release|Any CPU
		{49C03924-B453-43B4-9776-9B36B9A06047}.Release|Any CPU.Build.0 = Release|Any CPU
		{49C03924-B453-43B4-9776-9B36B9A06047}.Release|x64.ActiveCfg = Release|x64
		{49C03924-B453-43B4-9776-9B36B9A06047}.Release|x64.Build.0 = Release|x64
		{49C03924-B453-43B4-9776-9B36B9A06047}.Release|x86.ActiveCfg = Release|Any CPU
		{49C03924-B453-43B4-9776-9B36B9A06047}.Release|x86.Build.0 = Release|Any CPU
		{1FB7E445-E788-4FB6-BBF2-C88126F646AD}.Debug|Any CPU.ActiveCfg = Debug|Any CPU
		{1FB7E445-E788-4FB6-BBF2-C88126F646AD}.Debug|Any CPU.Build.0 = Debug|Any CPU
		{1FB7E445-E788-4FB6-BBF2-C88126F646AD}.Debug|x64.ActiveCfg = Debug|Any CPU
		{1FB7E445-E788-4FB6-BBF2-C88126F646AD}.Debug|x64.Build.0 = Debug|Any CPU
		{1FB7E445-E788-4FB6-BBF2-C88126F646AD}.Debug|x86.ActiveCfg = Debug|Any CPU
		{1FB7E445-E788-4FB6-BBF2-C88126F646AD}.Debug|x86.Build.0 = Debug|Any CPU
		{1FB7E445-E788-4FB6-BBF2-C88126F646AD}.Release|Any CPU.ActiveCfg = Release|Any CPU
		{1FB7E445-E788-4FB6-BBF2-C88126F646AD}.Release|Any CPU.Build.0 = Release|Any CPU
		{1FB7E445-E788-4FB6-BBF2-C88126F646AD}.Release|x64.ActiveCfg = Release|Any CPU
		{1FB7E445-E788-4FB6-BBF2-C88126F646AD}.Release|x64.Build.0 = Release|Any CPU
		{1FB7E445-E788-4FB6-BBF2-C88126F646AD}.Release|x86.ActiveCfg = Release|Any CPU
		{1FB7E445-E788-4FB6-BBF2-C88126F646AD}.Release|x86.Build.0 = Release|Any CPU
		{DDF901D4-0F81-4B5D-8A69-FDAE1EB93783}.Debug|Any CPU.ActiveCfg = Debug|Any CPU
		{DDF901D4-0F81-4B5D-8A69-FDAE1EB93783}.Debug|Any CPU.Build.0 = Debug|Any CPU
		{DDF901D4-0F81-4B5D-8A69-FDAE1EB93783}.Debug|x64.ActiveCfg = Debug|Any CPU
		{DDF901D4-0F81-4B5D-8A69-FDAE1EB93783}.Debug|x64.Build.0 = Debug|Any CPU
		{DDF901D4-0F81-4B5D-8A69-FDAE1EB93783}.Debug|x86.ActiveCfg = Debug|Any CPU
		{DDF901D4-0F81-4B5D-8A69-FDAE1EB93783}.Debug|x86.Build.0 = Debug|Any CPU
		{DDF901D4-0F81-4B5D-8A69-FDAE1EB93783}.Release|Any CPU.ActiveCfg = Release|Any CPU
		{DDF901D4-0F81-4B5D-8A69-FDAE1EB93783}.Release|Any CPU.Build.0 = Release|Any CPU
		{DDF901D4-0F81-4B5D-8A69-FDAE1EB93783}.Release|x64.ActiveCfg = Release|Any CPU
		{DDF901D4-0F81-4B5D-8A69-FDAE1EB93783}.Release|x64.Build.0 = Release|Any CPU
		{DDF901D4-0F81-4B5D-8A69-FDAE1EB93783}.Release|x86.ActiveCfg = Release|Any CPU
		{DDF901D4-0F81-4B5D-8A69-FDAE1EB93783}.Release|x86.Build.0 = Release|Any CPU
		{A13A8399-25C3-45C0-BC13-8693ACDF0E24}.Debug|Any CPU.ActiveCfg = Debug|Any CPU
		{A13A8399-25C3-45C0-BC13-8693ACDF0E24}.Debug|Any CPU.Build.0 = Debug|Any CPU
		{A13A8399-25C3-45C0-BC13-8693ACDF0E24}.Debug|x64.ActiveCfg = Debug|Any CPU
		{A13A8399-25C3-45C0-BC13-8693ACDF0E24}.Debug|x64.Build.0 = Debug|Any CPU
		{A13A8399-25C3-45C0-BC13-8693ACDF0E24}.Debug|x86.ActiveCfg = Debug|Any CPU
		{A13A8399-25C3-45C0-BC13-8693ACDF0E24}.Debug|x86.Build.0 = Debug|Any CPU
		{A13A8399-25C3-45C0-BC13-8693ACDF0E24}.Release|Any CPU.ActiveCfg = Release|Any CPU
		{A13A8399-25C3-45C0-BC13-8693ACDF0E24}.Release|Any CPU.Build.0 = Release|Any CPU
		{A13A8399-25C3-45C0-BC13-8693ACDF0E24}.Release|x64.ActiveCfg = Release|Any CPU
		{A13A8399-25C3-45C0-BC13-8693ACDF0E24}.Release|x64.Build.0 = Release|Any CPU
		{A13A8399-25C3-45C0-BC13-8693ACDF0E24}.Release|x86.ActiveCfg = Release|Any CPU
		{A13A8399-25C3-45C0-BC13-8693ACDF0E24}.Release|x86.Build.0 = Release|Any CPU
	EndGlobalSection
	GlobalSection(SolutionProperties) = preSolution
		HideSolutionNode = FALSE
	EndGlobalSection
	GlobalSection(ExtensibilityGlobals) = postSolution
		SolutionGuid = {7E7C7CF6-854F-48A1-BE61-FD537BAF5F54}
	EndGlobalSection
EndGlobal
